
Microsoft Visual Studio Solution File, Format Version 12.00
# Visual Studio 15
VisualStudioVersion = 15.0.27130.2036
MinimumVisualStudioVersion = 10.0.40219.1
Project("{FAE04EC0-301F-11D3-BF4B-00C04F79EFBC}") = "AutomataDterministaHomework", "AutomataDterministaHomework\AutomataDterministaHomework.csproj", "{FCD2EA96-DC94-4B72-B050-1609FCF45CBE}"
EndProject
Global
	GlobalSection(SolutionConfigurationPlatforms) = preSolution
		Debug|Any CPU = Debug|Any CPU
		Release|Any CPU = Release|Any CPU
	EndGlobalSection
	GlobalSection(ProjectConfigurationPlatforms) = postSolution
		{FCD2EA96-DC94-4B72-B050-1609FCF45CBE}.Debug|Any CPU.ActiveCfg = Debug|Any CPU
		{FCD2EA96-DC94-4B72-B050-1609FCF45CBE}.Debug|Any CPU.Build.0 = Debug|Any CPU
		{FCD2EA96-DC94-4B72-B050-1609FCF45CBE}.Release|Any CPU.ActiveCfg = Release|Any CPU
		{FCD2EA96-DC94-4B72-B050-1609FCF45CBE}.Release|Any CPU.Build.0 = Release|Any CPU
	EndGlobalSection
	GlobalSection(SolutionProperties) = preSolution
		HideSolutionNode = FALSE
	EndGlobalSection
	GlobalSection(ExtensibilityGlobals) = postSolution
		SolutionGuid = {F55F4D7C-9F47-4E07-93AD-49E8B9C2A570}
	EndGlobalSection
EndGlobal
